// !$*UTF8*$!
{
	archiveVersion = 1;
	classes = {
	};
	objectVersion = 50;
	objects = {

/* Begin PBXBuildFile section */
		45B14CC223EC2A8500F37729 /* AppDelegate.swift in Sources */ = {isa = PBXBuildFile; fileRef = 45B14CC123EC2A8500F37729 /* AppDelegate.swift */; };
		45B14CC423EC2A8500F37729 /* SceneDelegate.swift in Sources */ = {isa = PBXBuildFile; fileRef = 45B14CC323EC2A8500F37729 /* SceneDelegate.swift */; };
		45B14CC623EC2A8500F37729 /* LoginViewController.swift in Sources */ = {isa = PBXBuildFile; fileRef = 45B14CC523EC2A8500F37729 /* LoginViewController.swift */; };
		45B14CC923EC2A8500F37729 /* Main.storyboard in Resources */ = {isa = PBXBuildFile; fileRef = 45B14CC723EC2A8500F37729 /* Main.storyboard */; };
		45B14CCB23EC2A8800F37729 /* Assets.xcassets in Resources */ = {isa = PBXBuildFile; fileRef = 45B14CCA23EC2A8800F37729 /* Assets.xcassets */; };
		45B14CCE23EC2A8800F37729 /* LaunchScreen.storyboard in Resources */ = {isa = PBXBuildFile; fileRef = 45B14CCC23EC2A8800F37729 /* LaunchScreen.storyboard */; };
		45B14CD923EC37BD00F37729 /* SignupViewController.swift in Sources */ = {isa = PBXBuildFile; fileRef = 45B14CD823EC37BD00F37729 /* SignupViewController.swift */; };
		45B14CDF23ED937B00F37729 /* ProfileViewController.swift in Sources */ = {isa = PBXBuildFile; fileRef = 45B14CDE23ED937B00F37729 /* ProfileViewController.swift */; };
/* End PBXBuildFile section */

/* Begin PBXFileReference section */
		45B14CBE23EC2A8500F37729 /* LoginFlow.app */ = {isa = PBXFileReference; explicitFileType = wrapper.application; includeInIndex = 0; path = LoginFlow.app; sourceTree = BUILT_PRODUCTS_DIR; };
		45B14CC123EC2A8500F37729 /* AppDelegate.swift */ = {isa = PBXFileReference; lastKnownFileType = sourcecode.swift; path = AppDelegate.swift; sourceTree = "<group>"; };
		45B14CC323EC2A8500F37729 /* SceneDelegate.swift */ = {isa = PBXFileReference; lastKnownFileType = sourcecode.swift; path = SceneDelegate.swift; sourceTree = "<group>"; };
		45B14CC523EC2A8500F37729 /* LoginViewController.swift */ = {isa = PBXFileReference; lastKnownFileType = sourcecode.swift; path = LoginViewController.swift; sourceTree = "<group>"; };
		45B14CC823EC2A8500F37729 /* Base */ = {isa = PBXFileReference; lastKnownFileType = file.storyboard; name = Base; path = Base.lproj/Main.storyboard; sourceTree = "<group>"; };
		45B14CCA23EC2A8800F37729 /* Assets.xcassets */ = {isa = PBXFileReference; lastKnownFileType = folder.assetcatalog; path = Assets.xcassets; sourceTree = "<group>"; };
		45B14CCD23EC2A8800F37729 /* Base */ = {isa = PBXFileReference; lastKnownFileType = file.storyboard; name = Base; path = Base.lproj/LaunchScreen.storyboard; sourceTree = "<group>"; };
		45B14CCF23EC2A8800F37729 /* Info.plist */ = {isa = PBXFileReference; lastKnownFileType = text.plist.xml; path = Info.plist; sourceTree = "<group>"; };
		45B14CD823EC37BD00F37729 /* SignupViewController.swift */ = {isa = PBXFileReference; lastKnownFileType = sourcecode.swift; path = SignupViewController.swift; sourceTree = "<group>"; };
		45B14CDE23ED937B00F37729 /* ProfileViewController.swift */ = {isa = PBXFileReference; lastKnownFileType = sourcecode.swift; path = ProfileViewController.swift; sourceTree = "<group>"; };
/* End PBXFileReference section */

/* Begin PBXFrameworksBuildPhase section */
		45B14CBB23EC2A8500F37729 /* Frameworks */ = {
			isa = PBXFrameworksBuildPhase;
			buildActionMask = 2147483647;
			files = (
			);
			runOnlyForDeploymentPostprocessing = 0;
		};
/* End PBXFrameworksBuildPhase section */

/* Begin PBXGroup section */
		45B14CB523EC2A8500F37729 = {
			isa = PBXGroup;
			children = (
				45B14CC023EC2A8500F37729 /* LoginFlow */,
				45B14CBF23EC2A8500F37729 /* Products */,
			);
			sourceTree = "<group>";
		};
		45B14CBF23EC2A8500F37729 /* Products */ = {
			isa = PBXGroup;
			children = (
				45B14CBE23EC2A8500F37729 /* LoginFlow.app */,
			);
			name = Products;
			sourceTree = "<group>";
		};
		45B14CC023EC2A8500F37729 /* LoginFlow */ = {
			isa = PBXGroup;
			children = (
				45B14CC123EC2A8500F37729 /* AppDelegate.swift */,
				45B14CC323EC2A8500F37729 /* SceneDelegate.swift */,
				45B14CD723EC2E3600F37729 /* Model */,
				45B14CD523EC2DBB00F37729 /* View */,
				45B14CD623EC2E0800F37729 /* Controller */,
				45B14CCA23EC2A8800F37729 /* Assets.xcassets */,
				45B14CCF23EC2A8800F37729 /* Info.plist */,
			);
			path = LoginFlow;
			sourceTree = "<group>";
		};
		45B14CD523EC2DBB00F37729 /* View */ = {
			isa = PBXGroup;
			children = (
				45B14CCC23EC2A8800F37729 /* LaunchScreen.storyboard */,
				45B14CC723EC2A8500F37729 /* Main.storyboard */,
			);
			path = View;
			sourceTree = "<group>";
		};
		45B14CD623EC2E0800F37729 /* Controller */ = {
			isa = PBXGroup;
			children = (
				45B14CC523EC2A8500F37729 /* LoginViewController.swift */,
				45B14CD823EC37BD00F37729 /* SignupViewController.swift */,
				45B14CDE23ED937B00F37729 /* ProfileViewController.swift */,
			);
			path = Controller;
			sourceTree = "<group>";
		};
		45B14CD723EC2E3600F37729 /* Model */ = {
			isa = PBXGroup;
			children = (
			);
			path = Model;
			sourceTree = "<group>";
		};
/* End PBXGroup section */

/* Begin PBXNativeTarget section */
		45B14CBD23EC2A8500F37729 /* LoginFlow */ = {
			isa = PBXNativeTarget;
			buildConfigurationList = 45B14CD223EC2A8800F37729 /* Build configuration list for PBXNativeTarget "LoginFlow" */;
			buildPhases = (
				45B14CBA23EC2A8500F37729 /* Sources */,
				45B14CBB23EC2A8500F37729 /* Frameworks */,
				45B14CBC23EC2A8500F37729 /* Resources */,
			);
			buildRules = (
			);
			dependencies = (
			);
			name = LoginFlow;
			productName = LoginFlow;
			productReference = 45B14CBE23EC2A8500F37729 /* LoginFlow.app */;
			productType = "com.apple.product-type.application";
		};
/* End PBXNativeTarget section */

/* Begin PBXProject section */
		45B14CB623EC2A8500F37729 /* Project object */ = {
			isa = PBXProject;
			attributes = {
				LastSwiftUpdateCheck = 1130;
				LastUpgradeCheck = 1130;
				ORGANIZATIONNAME = "Mustafa Nafie";
				TargetAttributes = {
					45B14CBD23EC2A8500F37729 = {
						CreatedOnToolsVersion = 11.3.1;
					};
				};
			};
			buildConfigurationList = 45B14CB923EC2A8500F37729 /* Build configuration list for PBXProject "LoginFlow" */;
			compatibilityVersion = "Xcode 9.3";
			developmentRegion = en;
			hasScannedForEncodings = 0;
			knownRegions = (
				en,
				Base,
			);
			mainGroup = 45B14CB523EC2A8500F37729;
			productRefGroup = 45B14CBF23EC2A8500F37729 /* Products */;
			projectDirPath = "";
			projectRoot = "";
			targets = (
				45B14CBD23EC2A8500F37729 /* LoginFlow */,
			);
		};
/* End PBXProject section */

/* Begin PBXResourcesBuildPhase section */
		45B14CBC23EC2A8500F37729 /* Resources */ = {
			isa = PBXResourcesBuildPhase;
			buildActionMask = 2147483647;
			files = (
				45B14CCE23EC2A8800F37729 /* LaunchScreen.storyboard in Resources */,
				45B14CCB23EC2A8800F37729 /* Assets.xcassets in Resources */,
				45B14CC923EC2A8500F37729 /* Main.storyboard in Resources */,
			);
			runOnlyForDeploymentPostprocessing = 0;
		};
/* End PBXResourcesBuildPhase section */

/* Begin PBXSourcesBuildPhase section */
		45B14CBA23EC2A8500F37729 /* Sources */ = {
			isa = PBXSourcesBuildPhase;
			buildActionMask = 2147483647;
			files = (
				45B14CC623EC2A8500F37729 /* LoginViewController.swift in Sources */,
				45B14CC223EC2A8500F37729 /* AppDelegate.swift in Sources */,
				45B14CD923EC37BD00F37729 /* SignupViewController.swift in Sources */,
				45B14CC423EC2A8500F37729 /* SceneDelegate.swift in Sources */,
				45B14CDF23ED937B00F37729 /* ProfileViewController.swift in Sources */,
			);
			runOnlyForDeploymentPostprocessing = 0;
		};
/* End PBXSourcesBuildPhase section */

/* Begin PBXVariantGroup section */
		45B14CC723EC2A8500F37729 /* Main.storyboard */ = {
			isa = PBXVariantGroup;
			children = (
				45B14CC823EC2A8500F37729 /* Base */,
			);
			name = Main.storyboard;
			sourceTree = "<group>";
		};
		45B14CCC23EC2A8800F37729 /* LaunchScreen.storyboard */ = {
			isa = PBXVariantGroup;
			children = (
				45B14CCD23EC2A8800F37729 /* Base */,
			);
			name = LaunchScreen.storyboard;
			sourceTree = "<group>";
		};
/* End PBXVariantGroup section */

/* Begin XCBuildConfiguration section */
		45B14CD023EC2A8800F37729 /* Debug */ = {
			isa = XCBuildConfiguration;
			buildSettings = {
				ALWAYS_SEARCH_USER_PATHS = NO;
				CLANG_ANALYZER_NONNULL = YES;
				CLANG_ANALYZER_NUMBER_OBJECT_CONVERSION = YES_AGGRESSIVE;
				CLANG_CXX_LANGUAGE_STANDARD = "gnu++14";
				CLANG_CXX_LIBRARY = "libc++";
				CLANG_ENABLE_MODULES = YES;
				CLANG_ENABLE_OBJC_ARC = YES;
				CLANG_ENABLE_OBJC_WEAK = YES;
				CLANG_WARN_BLOCK_CAPTURE_AUTORELEASING = YES;
				CLANG_WARN_BOOL_CONVERSION = YES;
				CLANG_WARN_COMMA = YES;
				CLANG_WARN_CONSTANT_CONVERSION = YES;
				CLANG_WARN_DEPRECATED_OBJC_IMPLEMENTATIONS = YES;
				CLANG_WARN_DIRECT_OBJC_ISA_USAGE = YES_ERROR;
				CLANG_WARN_DOCUMENTATION_COMMENTS = YES;
				CLANG_WARN_EMPTY_BODY = YES;
				CLANG_WARN_ENUM_CONVERSION = YES;
				CLANG_WARN_INFINITE_RECURSION = YES;
				CLANG_WARN_INT_CONVERSION = YES;
				CLANG_WARN_NON_LITERAL_NULL_CONVERSION = YES;
				CLANG_WARN_OBJC_IMPLICIT_RETAIN_SELF = YES;
				CLANG_WARN_OBJC_LITERAL_CONVERSION = YES;
				CLANG_WARN_OBJC_ROOT_CLASS = YES_ERROR;
				CLANG_WARN_RANGE_LOOP_ANALYSIS = YES;
				CLANG_WARN_STRICT_PROTOTYPES = YES;
				CLANG_WARN_SUSPICIOUS_MOVE = YES;
				CLANG_WARN_UNGUARDED_AVAILABILITY = YES_AGGRESSIVE;
				CLANG_WARN_UNREACHABLE_CODE = YES;
				CLANG_WARN__DUPLICATE_METHOD_MATCH = YES;
				COPY_PHASE_STRIP = NO;
				DEBUG_INFORMATION_FORMAT = dwarf;
				ENABLE_STRICT_OBJC_MSGSEND = YES;
				ENABLE_TESTABILITY = YES;
				GCC_C_LANGUAGE_STANDARD = gnu11;
				GCC_DYNAMIC_NO_PIC = NO;
				GCC_NO_COMMON_BLOCKS = YES;
				GCC_OPTIMIZATION_LEVEL = 0;
				GCC_PREPROCESSOR_DEFINITIONS = (
					"DEBUG=1",
					"$(inherited)",
				);
				GCC_WARN_64_TO_32_BIT_CONVERSION = YES;
				GCC_WARN_ABOUT_RETURN_TYPE = YES_ERROR;
				GCC_WARN_UNDECLARED_SELECTOR = YES;
				GCC_WARN_UNINITIALIZED_AUTOS = YES_AGGRESSIVE;
				GCC_WARN_UNUSED_FUNCTION = YES;
				GCC_WARN_UNUSED_VARIABLE = YES;
				IPHONEOS_DEPLOYMENT_TARGET = 13.2;
				MTL_ENABLE_DEBUG_INFO = INCLUDE_SOURCE;
				MTL_FAST_MATH = YES;
				ONLY_ACTIVE_ARCH = YES;
				SDKROOT = iphoneos;
				SWIFT_ACTIVE_COMPILATION_CONDITIONS = DEBUG;
				SWIFT_OPTIMIZATION_LEVEL = "-Onone";
			};
			name = Debug;
		};
		45B14CD123EC2A8800F37729 /* Release */ = {
			isa = XCBuildConfiguration;
			buildSettings = {
				ALWAYS_SEARCH_USER_PATHS = NO;
				CLANG_ANALYZER_NONNULL = YES;
				CLANG_ANALYZER_NUMBER_OBJECT_CONVERSION = YES_AGGRESSIVE;
				CLANG_CXX_LANGUAGE_STANDARD = "gnu++14";
				CLANG_CXX_LIBRARY = "libc++";
				CLANG_ENABLE_MODULES = YES;
				CLANG_ENABLE_OBJC_ARC = YES;
				CLANG_ENABLE_OBJC_WEAK = YES;
				CLANG_WARN_BLOCK_CAPTURE_AUTORELEASING = YES;
				CLANG_WARN_BOOL_CONVERSION = YES;
				CLANG_WARN_COMMA = YES;
				CLANG_WARN_CONSTANT_CONVERSION = YES;
				CLANG_WARN_DEPRECATED_OBJC_IMPLEMENTATIONS = YES;
				CLANG_WARN_DIRECT_OBJC_ISA_USAGE = YES_ERROR;
				CLANG_WARN_DOCUMENTATION_COMMENTS = YES;
				CLANG_WARN_EMPTY_BODY = YES;
				CLANG_WARN_ENUM_CONVERSION = YES;
				CLANG_WARN_INFINITE_RECURSION = YES;
				CLANG_WARN_INT_CONVERSION = YES;
				CLANG_WARN_NON_LITERAL_NULL_CONVERSION = YES;
				CLANG_WARN_OBJC_IMPLICIT_RETAIN_SELF = YES;
				CLANG_WARN_OBJC_LITERAL_CONVERSION = YES;
				CLANG_WARN_OBJC_ROOT_CLASS = YES_ERROR;
				CLANG_WARN_RANGE_LOOP_ANALYSIS = YES;
				CLANG_WARN_STRICT_PROTOTYPES = YES;
				CLANG_WARN_SUSPICIOUS_MOVE = YES;
				CLANG_WARN_UNGUARDED_AVAILABILITY = YES_AGGRESSIVE;
				CLANG_WARN_UNREACHABLE_CODE = YES;
				CLANG_WARN__DUPLICATE_METHOD_MATCH = YES;
				COPY_PHASE_STRIP = NO;
				DEBUG_INFORMATION_FORMAT = "dwarf-with-dsym";
				ENABLE_NS_ASSERTIONS = NO;
				ENABLE_STRICT_OBJC_MSGSEND = YES;
				GCC_C_LANGUAGE_STANDARD = gnu11;
				GCC_NO_COMMON_BLOCKS = YES;
				GCC_WARN_64_TO_32_BIT_CONVERSION = YES;
				GCC_WARN_ABOUT_RETURN_TYPE = YES_ERROR;
				GCC_WARN_UNDECLARED_SELECTOR = YES;
				GCC_WARN_UNINITIALIZED_AUTOS = YES_AGGRESSIVE;
				GCC_WARN_UNUSED_FUNCTION = YES;
				GCC_WARN_UNUSED_VARIABLE = YES;
				IPHONEOS_DEPLOYMENT_TARGET = 13.2;
				MTL_ENABLE_DEBUG_INFO = NO;
				MTL_FAST_MATH = YES;
				SDKROOT = iphoneos;
				SWIFT_COMPILATION_MODE = wholemodule;
				SWIFT_OPTIMIZATION_LEVEL = "-O";
				VALIDATE_PRODUCT = YES;
			};
			name = Release;
		};
		45B14CD323EC2A8800F37729 /* Debug */ = {
			isa = XCBuildConfiguration;
			buildSettings = {
				ASSETCATALOG_COMPILER_APPICON_NAME = AppIcon;
				CODE_SIGN_STYLE = Automatic;
				DEVELOPMENT_TEAM = T7928YUM2A;
				INFOPLIST_FILE = LoginFlow/Info.plist;
				LD_RUNPATH_SEARCH_PATHS = (
					"$(inherited)",
					"@executable_path/Frameworks",
				);
				PRODUCT_BUNDLE_IDENTIFIER = com.mostafanafie.LoginFlow;
				PRODUCT_NAME = "$(TARGET_NAME)";
				SWIFT_VERSION = 5.0;
				TARGETED_DEVICE_FAMILY = "1,2";
			};
			name = Debug;
		};
		45B14CD423EC2A8800F37729 /* Release */ = {
			isa = XCBuildConfiguration;
			buildSettings = {
				ASSETCATALOG_COMPILER_APPICON_NAME = AppIcon;
				CODE_SIGN_STYLE = Automatic;
				DEVELOPMENT_TEAM = T7928YUM2A;
				INFOPLIST_FILE = LoginFlow/Info.plist;
				LD_RUNPATH_SEARCH_PATHS = (
					"$(inherited)",
					"@executable_path/Frameworks",
				);
				PRODUCT_BUNDLE_IDENTIFIER = com.mostafanafie.LoginFlow;
				PRODUCT_NAME = "$(TARGET_NAME)";
				SWIFT_VERSION = 5.0;
				TARGETED_DEVICE_FAMILY = "1,2";
			};
			name = Release;
		};
/* End XCBuildConfiguration section */

/* Begin XCConfigurationList section */
		45B14CB923EC2A8500F37729 /* Build configuration list for PBXProject "LoginFlow" */ = {
			isa = XCConfigurationList;
			buildConfigurations = (
				45B14CD023EC2A8800F37729 /* Debug */,
				45B14CD123EC2A8800F37729 /* Release */,
			);
			defaultConfigurationIsVisible = 0;
			defaultConfigurationName = Release;
		};
		45B14CD223EC2A8800F37729 /* Build configuration list for PBXNativeTarget "LoginFlow" */ = {
			isa = XCConfigurationList;
			buildConfigurations = (
				45B14CD323EC2A8800F37729 /* Debug */,
				45B14CD423EC2A8800F37729 /* Release */,
			);
			defaultConfigurationIsVisible = 0;
			defaultConfigurationName = Release;
		};
/* End XCConfigurationList section */
	};
	rootObject = 45B14CB623EC2A8500F37729 /* Project object */;
}
